
Microsoft Visual Studio Solution File, Format Version 12.00
# Visual Studio Version 17
VisualStudioVersion = 17.13.35825.156 d17.13
MinimumVisualStudioVersion = 10.0.40219.1
Project("{FAE04EC0-301F-11D3-BF4B-00C04F79EFBC}") = "BlackJack", "BlackJack\BlackJack.csproj", "{5E2224DC-C7D4-443A-A311-AAA3BC364D1B}"
EndProject
Project("{FAE04EC0-301F-11D3-BF4B-00C04F79EFBC}") = "BlackJack.Test", "BlackJack.Test\BlackJack.Test.csproj", "{7AE26516-6ED5-4731-89D6-B9579E339982}"
EndProject
Global
	GlobalSection(SolutionConfigurationPlatforms) = preSolution
		Debug|Any CPU = Debug|Any CPU
		Release|Any CPU = Release|Any CPU
	EndGlobalSection
	GlobalSection(ProjectConfigurationPlatforms) = postSolution
		{5E2224DC-C7D4-443A-A311-AAA3BC364D1B}.Debug|Any CPU.ActiveCfg = Debug|Any CPU
		{5E2224DC-C7D4-443A-A311-AAA3BC364D1B}.Debug|Any CPU.Build.0 = Debug|Any CPU
		{5E2224DC-C7D4-443A-A311-AAA3BC364D1B}.Release|Any CPU.ActiveCfg = Release|Any CPU
		{5E2224DC-C7D4-443A-A311-AAA3BC364D1B}.Release|Any CPU.Build.0 = Release|Any CPU
		{7AE26516-6ED5-4731-89D6-B9579E339982}.Debug|Any CPU.ActiveCfg = Debug|Any CPU
		{7AE26516-6ED5-4731-89D6-B9579E339982}.Debug|Any CPU.Build.0 = Debug|Any CPU
		{7AE26516-6ED5-4731-89D6-B9579E339982}.Release|Any CPU.ActiveCfg = Release|Any CPU
		{7AE26516-6ED5-4731-89D6-B9579E339982}.Release|Any CPU.Build.0 = Release|Any CPU
	EndGlobalSection
	GlobalSection(SolutionProperties) = preSolution
		HideSolutionNode = FALSE
	EndGlobalSection
	GlobalSection(ExtensibilityGlobals) = postSolution
		SolutionGuid = {BB7475EC-E899-4B75-AA8B-6A2C9AAFB2FB}
	EndGlobalSection
EndGlobal
